
Microsoft Visual Studio Solution File, Format Version 12.00
# Visual Studio Version 16
VisualStudioVersion = 16.0.30611.23
MinimumVisualStudioVersion = 10.0.40219.1
Project("{FAE04EC0-301F-11D3-BF4B-00C04F79EFBC}") = "BDLZ", "BDLZ\BDLZ.csproj", "{45AE8D45-4D7A-49E1-9DD5-08941F3B5496}"
EndProject
Global
	GlobalSection(SolutionConfigurationPlatforms) = preSolution
		Debug|Any CPU = Debug|Any CPU
		Release|Any CPU = Release|Any CPU
	EndGlobalSection
	GlobalSection(ProjectConfigurationPlatforms) = postSolution
		{45AE8D45-4D7A-49E1-9DD5-08941F3B5496}.Debug|Any CPU.ActiveCfg = Debug|Any CPU
		{45AE8D45-4D7A-49E1-9DD5-08941F3B5496}.Debug|Any CPU.Build.0 = Debug|Any CPU
		{45AE8D45-4D7A-49E1-9DD5-08941F3B5496}.Release|Any CPU.ActiveCfg = Release|Any CPU
		{45AE8D45-4D7A-49E1-9DD5-08941F3B5496}.Release|Any CPU.Build.0 = Release|Any CPU
	EndGlobalSection
	GlobalSection(SolutionProperties) = preSolution
		HideSolutionNode = FALSE
	EndGlobalSection
	GlobalSection(ExtensibilityGlobals) = postSolution
		SolutionGuid = {EC5E6523-5F40-4DC3-9A0E-EE67ED352225}
	EndGlobalSection
EndGlobal
